
Microsoft Visual Studio Solution File, Format Version 12.00
# Visual Studio Version 16
VisualStudioVersion = 16.0.31624.102
MinimumVisualStudioVersion = 10.0.40219.1
Project("{FAE04EC0-301F-11D3-BF4B-00C04F79EFBC}") = "TestADO", "TestADO\TestADO.csproj", "{5FFDDE83-0B92-47D9-BA0F-D5F906D29810}"
EndProject
Project("{FAE04EC0-301F-11D3-BF4B-00C04F79EFBC}") = "prjmagasin", "prjmagasin\prjmagasin.csproj", "{994B58F6-D2D7-40ED-9B58-D43FEEDD119C}"
EndProject
Global
	GlobalSection(SolutionConfigurationPlatforms) = preSolution
		Debug|Any CPU = Debug|Any CPU
		Release|Any CPU = Release|Any CPU
	EndGlobalSection
	GlobalSection(ProjectConfigurationPlatforms) = postSolution
		{5FFDDE83-0B92-47D9-BA0F-D5F906D29810}.Debug|Any CPU.ActiveCfg = Debug|Any CPU
		{5FFDDE83-0B92-47D9-BA0F-D5F906D29810}.Debug|Any CPU.Build.0 = Debug|Any CPU
		{5FFDDE83-0B92-47D9-BA0F-D5F906D29810}.Release|Any CPU.ActiveCfg = Release|Any CPU
		{5FFDDE83-0B92-47D9-BA0F-D5F906D29810}.Release|Any CPU.Build.0 = Release|Any CPU
		{994B58F6-D2D7-40ED-9B58-D43FEEDD119C}.Debug|Any CPU.ActiveCfg = Debug|Any CPU
		{994B58F6-D2D7-40ED-9B58-D43FEEDD119C}.Debug|Any CPU.Build.0 = Debug|Any CPU
		{994B58F6-D2D7-40ED-9B58-D43FEEDD119C}.Release|Any CPU.ActiveCfg = Release|Any CPU
		{994B58F6-D2D7-40ED-9B58-D43FEEDD119C}.Release|Any CPU.Build.0 = Release|Any CPU
	EndGlobalSection
	GlobalSection(SolutionProperties) = preSolution
		HideSolutionNode = FALSE
	EndGlobalSection
	GlobalSection(ExtensibilityGlobals) = postSolution
		SolutionGuid = {5B2CD2DB-F2FB-44E2-8F65-1B45975913E4}
	EndGlobalSection
EndGlobal
